
Microsoft Visual Studio Solution File, Format Version 12.00
# Visual Studio Version 17
VisualStudioVersion = 17.14.36401.2
MinimumVisualStudioVersion = 10.0.40219.1
Project("{FAE04EC0-301F-11D3-BF4B-00C04F79EFBC}") = "StudentAPI.API", "StudentAPI.API\StudentAPI.API.csproj", "{E8AD17EF-4738-4297-99C7-7F88BE1A7F7B}"
EndProject
Project("{FAE04EC0-301F-11D3-BF4B-00C04F79EFBC}") = "StudentAPI.Domain", "StudentAPI.Domain\StudentAPI.Domain.csproj", "{7A8B1D93-3149-4D66-B76E-3E68A28E1A51}"
EndProject
Project("{FAE04EC0-301F-11D3-BF4B-00C04F79EFBC}") = "StudentAPI.Application", "StudentAPI.Application\StudentAPI.Application.csproj", "{4748A419-5AA1-4C1E-B4DD-F5B6E997F3FF}"
EndProject
Project("{FAE04EC0-301F-11D3-BF4B-00C04F79EFBC}") = "StudentAPI.Infrastructure", "StudentAPI.Infrastructure\StudentAPI.Infrastructure.csproj", "{A6950F9F-962D-4788-9026-8DCB70421138}"
EndProject
Project("{FAE04EC0-301F-11D3-BF4B-00C04F79EFBC}") = "StudentAPI.Application.Tests", "StudentAPI.Application.Tests\StudentAPI.Application.Tests.csproj", "{4CCD640E-32AD-4122-8768-B071E79332D4}"
EndProject
Project("{2150E333-8FDC-42A3-9474-1A3956D46DE8}") = "Solution Items", "Solution Items", "{8EC462FD-D22E-90A8-E5CE-7E832BA40C5D}"
	ProjectSection(SolutionItems) = preProject
		docker-compose.yml = docker-compose.yml
	EndProjectSection
EndProject
Global
	GlobalSection(SolutionConfigurationPlatforms) = preSolution
		Debug|Any CPU = Debug|Any CPU
		Release|Any CPU = Release|Any CPU
	EndGlobalSection
	GlobalSection(ProjectConfigurationPlatforms) = postSolution
		{E8AD17EF-4738-4297-99C7-7F88BE1A7F7B}.Debug|Any CPU.ActiveCfg = Debug|Any CPU
		{E8AD17EF-4738-4297-99C7-7F88BE1A7F7B}.Debug|Any CPU.Build.0 = Debug|Any CPU
		{E8AD17EF-4738-4297-99C7-7F88BE1A7F7B}.Release|Any CPU.ActiveCfg = Release|Any CPU
		{E8AD17EF-4738-4297-99C7-7F88BE1A7F7B}.Release|Any CPU.Build.0 = Release|Any CPU
		{7A8B1D93-3149-4D66-B76E-3E68A28E1A51}.Debug|Any CPU.ActiveCfg = Debug|Any CPU
		{7A8B1D93-3149-4D66-B76E-3E68A28E1A51}.Debug|Any CPU.Build.0 = Debug|Any CPU
		{7A8B1D93-3149-4D66-B76E-3E68A28E1A51}.Release|Any CPU.ActiveCfg = Release|Any CPU
		{7A8B1D93-3149-4D66-B76E-3E68A28E1A51}.Release|Any CPU.Build.0 = Release|Any CPU
		{4748A419-5AA1-4C1E-B4DD-F5B6E997F3FF}.Debug|Any CPU.ActiveCfg = Debug|Any CPU
		{4748A419-5AA1-4C1E-B4DD-F5B6E997F3FF}.Debug|Any CPU.Build.0 = Debug|Any CPU
		{4748A419-5AA1-4C1E-B4DD-F5B6E997F3FF}.Release|Any CPU.ActiveCfg = Release|Any CPU
		{4748A419-5AA1-4C1E-B4DD-F5B6E997F3FF}.Release|Any CPU.Build.0 = Release|Any CPU
		{A6950F9F-962D-4788-9026-8DCB70421138}.Debug|Any CPU.ActiveCfg = Debug|Any CPU
		{A6950F9F-962D-4788-9026-8DCB70421138}.Debug|Any CPU.Build.0 = Debug|Any CPU
		{A6950F9F-962D-4788-9026-8DCB70421138}.Release|Any CPU.ActiveCfg = Release|Any CPU
		{A6950F9F-962D-4788-9026-8DCB70421138}.Release|Any CPU.Build.0 = Release|Any CPU
		{4CCD640E-32AD-4122-8768-B071E79332D4}.Debug|Any CPU.ActiveCfg = Debug|Any CPU
		{4CCD640E-32AD-4122-8768-B071E79332D4}.Debug|Any CPU.Build.0 = Debug|Any CPU
		{4CCD640E-32AD-4122-8768-B071E79332D4}.Release|Any CPU.ActiveCfg = Release|Any CPU
		{4CCD640E-32AD-4122-8768-B071E79332D4}.Release|Any CPU.Build.0 = Release|Any CPU
	EndGlobalSection
	GlobalSection(SolutionProperties) = preSolution
		HideSolutionNode = FALSE
	EndGlobalSection
	GlobalSection(ExtensibilityGlobals) = postSolution
		SolutionGuid = {38578754-B82B-4AE8-87A5-2D73EB3C1A1D}
	EndGlobalSection
EndGlobal
